// !$*UTF8*$!
{
	archiveVersion = 1;
	classes = {
	};
	objectVersion = 56;
	objects = {

/* Begin PBXBuildFile section */
		7C273F7C2C07A500001557A0 /* Localizable.strings in Resources */ = {isa = PBXBuildFile; fileRef = 7C273F7A2C07A500001557A0 /* Localizable.strings */; };
		7C273F9E2C07A5B7001557A0 /* SourceSans3-ExtraBoldItalic.ttf in Resources */ = {isa = PBXBuildFile; fileRef = 7C273F802C07A5B6001557A0 /* SourceSans3-ExtraBoldItalic.ttf */; };
		7C273F9F2C07A5B7001557A0 /* SourceSans3-Regular.ttf in Resources */ = {isa = PBXBuildFile; fileRef = 7C273F812C07A5B6001557A0 /* SourceSans3-Regular.ttf */; };
		7C273FA02C07A5B7001557A0 /* OpenSans-Bold.ttf in Resources */ = {isa = PBXBuildFile; fileRef = 7C273F822C07A5B6001557A0 /* OpenSans-Bold.ttf */; };
		7C273FA12C07A5B7001557A0 /* OpenSans-Regular.ttf in Resources */ = {isa = PBXBuildFile; fileRef = 7C273F832C07A5B6001557A0 /* OpenSans-Regular.ttf */; };
		7C273FA22C07A5B7001557A0 /* SourceSans3-MediumItalic.ttf in Resources */ = {isa = PBXBuildFile; fileRef = 7C273F842C07A5B6001557A0 /* SourceSans3-MediumItalic.ttf */; };
		7C273FA32C07A5B7001557A0 /* SourceSans3-SemiBold.ttf in Resources */ = {isa = PBXBuildFile; fileRef = 7C273F852C07A5B6001557A0 /* SourceSans3-SemiBold.ttf */; };
		7C273FA42C07A5B7001557A0 /* OpenSans-SemiBoldItalic.ttf in Resources */ = {isa = PBXBuildFile; fileRef = 7C273F862C07A5B6001557A0 /* OpenSans-SemiBoldItalic.ttf */; };
		7C273FA52C07A5B7001557A0 /* OpenSans-Medium.ttf in Resources */ = {isa = PBXBuildFile; fileRef = 7C273F872C07A5B6001557A0 /* OpenSans-Medium.ttf */; };
		7C273FA62C07A5B7001557A0 /* SourceSans3-Black.ttf in Resources */ = {isa = PBXBuildFile; fileRef = 7C273F882C07A5B6001557A0 /* SourceSans3-Black.ttf */; };
		7C273FA72C07A5B7001557A0 /* SourceSans3-ExtraLightItalic.ttf in Resources */ = {isa = PBXBuildFile; fileRef = 7C273F892C07A5B6001557A0 /* SourceSans3-ExtraLightItalic.ttf */; };
		7C273FA82C07A5B7001557A0 /* SourceSans3-VariableFont_wght.ttf in Resources */ = {isa = PBXBuildFile; fileRef = 7C273F8A2C07A5B6001557A0 /* SourceSans3-VariableFont_wght.ttf */; };
		7C273FA92C07A5B7001557A0 /* SourceSans3-Medium.ttf in Resources */ = {isa = PBXBuildFile; fileRef = 7C273F8B2C07A5B6001557A0 /* SourceSans3-Medium.ttf */; };
		7C273FAA2C07A5B7001557A0 /* SourceSans3-BoldItalic.ttf in Resources */ = {isa = PBXBuildFile; fileRef = 7C273F8C2C07A5B6001557A0 /* SourceSans3-BoldItalic.ttf */; };
		7C273FAB2C07A5B7001557A0 /* OpenSans-Light.ttf in Resources */ = {isa = PBXBuildFile; fileRef = 7C273F8D2C07A5B6001557A0 /* OpenSans-Light.ttf */; };
		7C273FAC2C07A5B7001557A0 /* SourceSans3-ExtraBold.ttf in Resources */ = {isa = PBXBuildFile; fileRef = 7C273F8E2C07A5B6001557A0 /* SourceSans3-ExtraBold.ttf */; };
		7C273FAD2C07A5B7001557A0 /* OpenSans-ExtraBold.ttf in Resources */ = {isa = PBXBuildFile; fileRef = 7C273F8F2C07A5B6001557A0 /* OpenSans-ExtraBold.ttf */; };
		7C273FAE2C07A5B7001557A0 /* OpenSans-BoldItalic.ttf in Resources */ = {isa = PBXBuildFile; fileRef = 7C273F902C07A5B6001557A0 /* OpenSans-BoldItalic.ttf */; };
		7C273FAF2C07A5B7001557A0 /* SourceSans3-Light.ttf in Resources */ = {isa = PBXBuildFile; fileRef = 7C273F912C07A5B6001557A0 /* SourceSans3-Light.ttf */; };
		7C273FB02C07A5B7001557A0 /* SourceSans3-Italic.ttf in Resources */ = {isa = PBXBuildFile; fileRef = 7C273F922C07A5B6001557A0 /* SourceSans3-Italic.ttf */; };
		7C273FB12C07A5B7001557A0 /* SourceSans3-LightItalic.ttf in Resources */ = {isa = PBXBuildFile; fileRef = 7C273F932C07A5B6001557A0 /* SourceSans3-LightItalic.ttf */; };
		7C273FB22C07A5B7001557A0 /* OpenSans-SemiBold.ttf in Resources */ = {isa = PBXBuildFile; fileRef = 7C273F942C07A5B6001557A0 /* OpenSans-SemiBold.ttf */; };
		7C273FB32C07A5B7001557A0 /* SourceSans3-Bold.ttf in Resources */ = {isa = PBXBuildFile; fileRef = 7C273F952C07A5B6001557A0 /* SourceSans3-Bold.ttf */; };
		7C273FB42C07A5B7001557A0 /* OpenSans-LightItalic.ttf in Resources */ = {isa = PBXBuildFile; fileRef = 7C273F962C07A5B6001557A0 /* OpenSans-LightItalic.ttf */; };
		7C273FB52C07A5B7001557A0 /* OpenSans-MediumItalic.ttf in Resources */ = {isa = PBXBuildFile; fileRef = 7C273F972C07A5B6001557A0 /* OpenSans-MediumItalic.ttf */; };
		7C273FB62C07A5B7001557A0 /* SourceSans3-SemiBoldItalic.ttf in Resources */ = {isa = PBXBuildFile; fileRef = 7C273F982C07A5B7001557A0 /* SourceSans3-SemiBoldItalic.ttf */; };
		7C273FB72C07A5B7001557A0 /* OpenSans-ExtraBoldItalic.ttf in Resources */ = {isa = PBXBuildFile; fileRef = 7C273F992C07A5B7001557A0 /* OpenSans-ExtraBoldItalic.ttf */; };
		7C273FB82C07A5B7001557A0 /* SourceSans3-ExtraLight.ttf in Resources */ = {isa = PBXBuildFile; fileRef = 7C273F9A2C07A5B7001557A0 /* SourceSans3-ExtraLight.ttf */; };
		7C273FB92C07A5B7001557A0 /* SourceSans3-BlackItalic.ttf in Resources */ = {isa = PBXBuildFile; fileRef = 7C273F9B2C07A5B7001557A0 /* SourceSans3-BlackItalic.ttf */; };
		7C273FBA2C07A5B7001557A0 /* OpenSans-Italic.ttf in Resources */ = {isa = PBXBuildFile; fileRef = 7C273F9C2C07A5B7001557A0 /* OpenSans-Italic.ttf */; };
		7C273FBB2C07A5B7001557A0 /* OpenSans-VariableFont_wdth,wght.ttf in Resources */ = {isa = PBXBuildFile; fileRef = 7C273F9D2C07A5B7001557A0 /* OpenSans-VariableFont_wdth,wght.ttf */; };
		7C273FBD2C07A808001557A0 /* AppFonts.swift in Sources */ = {isa = PBXBuildFile; fileRef = 7C273FBC2C07A808001557A0 /* AppFonts.swift */; };
		7C273FC02C07A93E001557A0 /* AppStrings.swift in Sources */ = {isa = PBXBuildFile; fileRef = 7C273FBF2C07A93E001557A0 /* AppStrings.swift */; };
		7C273FC32C07AB1D001557A0 /* AppIcons.swift in Sources */ = {isa = PBXBuildFile; fileRef = 7C273FC22C07AB1D001557A0 /* AppIcons.swift */; };
		7C273FC52C07AC58001557A0 /* AppColors.swift in Sources */ = {isa = PBXBuildFile; fileRef = 7C273FC42C07AC58001557A0 /* AppColors.swift */; };
		7C273FC92C07ACBA001557A0 /* CommonFunctions.swift in Sources */ = {isa = PBXBuildFile; fileRef = 7C273FC82C07ACBA001557A0 /* CommonFunctions.swift */; };
		7C8E24F12C03E16000420913 /* AlzhAppApp.swift in Sources */ = {isa = PBXBuildFile; fileRef = 7C8E24F02C03E16000420913 /* AlzhAppApp.swift */; };
		7C8E24F32C03E16000420913 /* ContentView.swift in Sources */ = {isa = PBXBuildFile; fileRef = 7C8E24F22C03E16000420913 /* ContentView.swift */; };
		7C8E24F52C03E16200420913 /* Assets.xcassets in Resources */ = {isa = PBXBuildFile; fileRef = 7C8E24F42C03E16200420913 /* Assets.xcassets */; };
		7C8E24F82C03E16200420913 /* Preview Assets.xcassets in Resources */ = {isa = PBXBuildFile; fileRef = 7C8E24F72C03E16200420913 /* Preview Assets.xcassets */; };
/* End PBXBuildFile section */

/* Begin PBXFileReference section */
		7C273F7B2C07A500001557A0 /* en */ = {isa = PBXFileReference; lastKnownFileType = text.plist.strings; name = en; path = en.lproj/Localizable.strings; sourceTree = "<group>"; };
		7C273F7D2C07A510001557A0 /* es */ = {isa = PBXFileReference; lastKnownFileType = text.plist.strings; name = es; path = es.lproj/Localizable.strings; sourceTree = "<group>"; };
		7C273F802C07A5B6001557A0 /* SourceSans3-ExtraBoldItalic.ttf */ = {isa = PBXFileReference; lastKnownFileType = file; path = "SourceSans3-ExtraBoldItalic.ttf"; sourceTree = "<group>"; };
		7C273F812C07A5B6001557A0 /* SourceSans3-Regular.ttf */ = {isa = PBXFileReference; lastKnownFileType = file; path = "SourceSans3-Regular.ttf"; sourceTree = "<group>"; };
		7C273F822C07A5B6001557A0 /* OpenSans-Bold.ttf */ = {isa = PBXFileReference; lastKnownFileType = file; path = "OpenSans-Bold.ttf"; sourceTree = "<group>"; };
		7C273F832C07A5B6001557A0 /* OpenSans-Regular.ttf */ = {isa = PBXFileReference; lastKnownFileType = file; path = "OpenSans-Regular.ttf"; sourceTree = "<group>"; };
		7C273F842C07A5B6001557A0 /* SourceSans3-MediumItalic.ttf */ = {isa = PBXFileReference; lastKnownFileType = file; path = "SourceSans3-MediumItalic.ttf"; sourceTree = "<group>"; };
		7C273F852C07A5B6001557A0 /* SourceSans3-SemiBold.ttf */ = {isa = PBXFileReference; lastKnownFileType = file; path = "SourceSans3-SemiBold.ttf"; sourceTree = "<group>"; };
		7C273F862C07A5B6001557A0 /* OpenSans-SemiBoldItalic.ttf */ = {isa = PBXFileReference; lastKnownFileType = file; path = "OpenSans-SemiBoldItalic.ttf"; sourceTree = "<group>"; };
		7C273F872C07A5B6001557A0 /* OpenSans-Medium.ttf */ = {isa = PBXFileReference; lastKnownFileType = file; path = "OpenSans-Medium.ttf"; sourceTree = "<group>"; };
		7C273F882C07A5B6001557A0 /* SourceSans3-Black.ttf */ = {isa = PBXFileReference; lastKnownFileType = file; path = "SourceSans3-Black.ttf"; sourceTree = "<group>"; };
		7C273F892C07A5B6001557A0 /* SourceSans3-ExtraLightItalic.ttf */ = {isa = PBXFileReference; lastKnownFileType = file; path = "SourceSans3-ExtraLightItalic.ttf"; sourceTree = "<group>"; };
		7C273F8A2C07A5B6001557A0 /* SourceSans3-VariableFont_wght.ttf */ = {isa = PBXFileReference; lastKnownFileType = file; path = "SourceSans3-VariableFont_wght.ttf"; sourceTree = "<group>"; };
		7C273F8B2C07A5B6001557A0 /* SourceSans3-Medium.ttf */ = {isa = PBXFileReference; lastKnownFileType = file; path = "SourceSans3-Medium.ttf"; sourceTree = "<group>"; };
		7C273F8C2C07A5B6001557A0 /* SourceSans3-BoldItalic.ttf */ = {isa = PBXFileReference; lastKnownFileType = file; path = "SourceSans3-BoldItalic.ttf"; sourceTree = "<group>"; };
		7C273F8D2C07A5B6001557A0 /* OpenSans-Light.ttf */ = {isa = PBXFileReference; lastKnownFileType = file; path = "OpenSans-Light.ttf"; sourceTree = "<group>"; };
		7C273F8E2C07A5B6001557A0 /* SourceSans3-ExtraBold.ttf */ = {isa = PBXFileReference; lastKnownFileType = file; path = "SourceSans3-ExtraBold.ttf"; sourceTree = "<group>"; };
		7C273F8F2C07A5B6001557A0 /* OpenSans-ExtraBold.ttf */ = {isa = PBXFileReference; lastKnownFileType = file; path = "OpenSans-ExtraBold.ttf"; sourceTree = "<group>"; };
		7C273F902C07A5B6001557A0 /* OpenSans-BoldItalic.ttf */ = {isa = PBXFileReference; lastKnownFileType = file; path = "OpenSans-BoldItalic.ttf"; sourceTree = "<group>"; };
		7C273F912C07A5B6001557A0 /* SourceSans3-Light.ttf */ = {isa = PBXFileReference; lastKnownFileType = file; path = "SourceSans3-Light.ttf"; sourceTree = "<group>"; };
		7C273F922C07A5B6001557A0 /* SourceSans3-Italic.ttf */ = {isa = PBXFileReference; lastKnownFileType = file; path = "SourceSans3-Italic.ttf"; sourceTree = "<group>"; };
		7C273F932C07A5B6001557A0 /* SourceSans3-LightItalic.ttf */ = {isa = PBXFileReference; lastKnownFileType = file; path = "SourceSans3-LightItalic.ttf"; sourceTree = "<group>"; };
		7C273F942C07A5B6001557A0 /* OpenSans-SemiBold.ttf */ = {isa = PBXFileReference; lastKnownFileType = file; path = "OpenSans-SemiBold.ttf"; sourceTree = "<group>"; };
		7C273F952C07A5B6001557A0 /* SourceSans3-Bold.ttf */ = {isa = PBXFileReference; lastKnownFileType = file; path = "SourceSans3-Bold.ttf"; sourceTree = "<group>"; };
		7C273F962C07A5B6001557A0 /* OpenSans-LightItalic.ttf */ = {isa = PBXFileReference; lastKnownFileType = file; path = "OpenSans-LightItalic.ttf"; sourceTree = "<group>"; };
		7C273F972C07A5B6001557A0 /* OpenSans-MediumItalic.ttf */ = {isa = PBXFileReference; lastKnownFileType = file; path = "OpenSans-MediumItalic.ttf"; sourceTree = "<group>"; };
		7C273F982C07A5B7001557A0 /* SourceSans3-SemiBoldItalic.ttf */ = {isa = PBXFileReference; lastKnownFileType = file; path = "SourceSans3-SemiBoldItalic.ttf"; sourceTree = "<group>"; };
		7C273F992C07A5B7001557A0 /* OpenSans-ExtraBoldItalic.ttf */ = {isa = PBXFileReference; lastKnownFileType = file; path = "OpenSans-ExtraBoldItalic.ttf"; sourceTree = "<group>"; };
		7C273F9A2C07A5B7001557A0 /* SourceSans3-ExtraLight.ttf */ = {isa = PBXFileReference; lastKnownFileType = file; path = "SourceSans3-ExtraLight.ttf"; sourceTree = "<group>"; };
		7C273F9B2C07A5B7001557A0 /* SourceSans3-BlackItalic.ttf */ = {isa = PBXFileReference; lastKnownFileType = file; path = "SourceSans3-BlackItalic.ttf"; sourceTree = "<group>"; };
		7C273F9C2C07A5B7001557A0 /* OpenSans-Italic.ttf */ = {isa = PBXFileReference; lastKnownFileType = file; path = "OpenSans-Italic.ttf"; sourceTree = "<group>"; };
		7C273F9D2C07A5B7001557A0 /* OpenSans-VariableFont_wdth,wght.ttf */ = {isa = PBXFileReference; lastKnownFileType = file; path = "OpenSans-VariableFont_wdth,wght.ttf"; sourceTree = "<group>"; };
		7C273FBC2C07A808001557A0 /* AppFonts.swift */ = {isa = PBXFileReference; lastKnownFileType = sourcecode.swift; path = AppFonts.swift; sourceTree = "<group>"; };
		7C273FBE2C07A825001557A0 /* Info.plist */ = {isa = PBXFileReference; lastKnownFileType = text.plist; path = Info.plist; sourceTree = "<group>"; };
		7C273FBF2C07A93E001557A0 /* AppStrings.swift */ = {isa = PBXFileReference; lastKnownFileType = sourcecode.swift; path = AppStrings.swift; sourceTree = "<group>"; };
		7C273FC22C07AB1D001557A0 /* AppIcons.swift */ = {isa = PBXFileReference; lastKnownFileType = sourcecode.swift; path = AppIcons.swift; sourceTree = "<group>"; };
		7C273FC42C07AC58001557A0 /* AppColors.swift */ = {isa = PBXFileReference; lastKnownFileType = sourcecode.swift; path = AppColors.swift; sourceTree = "<group>"; };
		7C273FC82C07ACBA001557A0 /* CommonFunctions.swift */ = {isa = PBXFileReference; lastKnownFileType = sourcecode.swift; path = CommonFunctions.swift; sourceTree = "<group>"; };
		7C8E24ED2C03E16000420913 /* AlzhApp.app */ = {isa = PBXFileReference; explicitFileType = wrapper.application; includeInIndex = 0; path = AlzhApp.app; sourceTree = BUILT_PRODUCTS_DIR; };
		7C8E24F02C03E16000420913 /* AlzhAppApp.swift */ = {isa = PBXFileReference; lastKnownFileType = sourcecode.swift; path = AlzhAppApp.swift; sourceTree = "<group>"; };
		7C8E24F22C03E16000420913 /* ContentView.swift */ = {isa = PBXFileReference; lastKnownFileType = sourcecode.swift; path = ContentView.swift; sourceTree = "<group>"; };
		7C8E24F42C03E16200420913 /* Assets.xcassets */ = {isa = PBXFileReference; lastKnownFileType = folder.assetcatalog; path = Assets.xcassets; sourceTree = "<group>"; };
		7C8E24F72C03E16200420913 /* Preview Assets.xcassets */ = {isa = PBXFileReference; lastKnownFileType = folder.assetcatalog; path = "Preview Assets.xcassets"; sourceTree = "<group>"; };
/* End PBXFileReference section */

/* Begin PBXFrameworksBuildPhase section */
		7C8E24EA2C03E16000420913 /* Frameworks */ = {
			isa = PBXFrameworksBuildPhase;
			buildActionMask = 2147483647;
			files = (
			);
			runOnlyForDeploymentPostprocessing = 0;
		};
/* End PBXFrameworksBuildPhase section */

/* Begin PBXGroup section */
		7C273F7E2C07A52A001557A0 /* resources */ = {
			isa = PBXGroup;
			children = (
				7C273FC12C07AADB001557A0 /* localizable */,
				7C273F7F2C07A531001557A0 /* fonts */,
				7C273FBC2C07A808001557A0 /* AppFonts.swift */,
				7C273FC22C07AB1D001557A0 /* AppIcons.swift */,
				7C273FC42C07AC58001557A0 /* AppColors.swift */,
			);
			path = resources;
			sourceTree = "<group>";
		};
		7C273F7F2C07A531001557A0 /* fonts */ = {
			isa = PBXGroup;
			children = (
				7C273F822C07A5B6001557A0 /* OpenSans-Bold.ttf */,
				7C273F902C07A5B6001557A0 /* OpenSans-BoldItalic.ttf */,
				7C273F8F2C07A5B6001557A0 /* OpenSans-ExtraBold.ttf */,
				7C273F992C07A5B7001557A0 /* OpenSans-ExtraBoldItalic.ttf */,
				7C273F9C2C07A5B7001557A0 /* OpenSans-Italic.ttf */,
				7C273F8D2C07A5B6001557A0 /* OpenSans-Light.ttf */,
				7C273F962C07A5B6001557A0 /* OpenSans-LightItalic.ttf */,
				7C273F872C07A5B6001557A0 /* OpenSans-Medium.ttf */,
				7C273F972C07A5B6001557A0 /* OpenSans-MediumItalic.ttf */,
				7C273F832C07A5B6001557A0 /* OpenSans-Regular.ttf */,
				7C273F942C07A5B6001557A0 /* OpenSans-SemiBold.ttf */,
				7C273F862C07A5B6001557A0 /* OpenSans-SemiBoldItalic.ttf */,
				7C273F9D2C07A5B7001557A0 /* OpenSans-VariableFont_wdth,wght.ttf */,
				7C273F882C07A5B6001557A0 /* SourceSans3-Black.ttf */,
				7C273F9B2C07A5B7001557A0 /* SourceSans3-BlackItalic.ttf */,
				7C273F952C07A5B6001557A0 /* SourceSans3-Bold.ttf */,
				7C273F8C2C07A5B6001557A0 /* SourceSans3-BoldItalic.ttf */,
				7C273F8E2C07A5B6001557A0 /* SourceSans3-ExtraBold.ttf */,
				7C273F802C07A5B6001557A0 /* SourceSans3-ExtraBoldItalic.ttf */,
				7C273F9A2C07A5B7001557A0 /* SourceSans3-ExtraLight.ttf */,
				7C273F892C07A5B6001557A0 /* SourceSans3-ExtraLightItalic.ttf */,
				7C273F922C07A5B6001557A0 /* SourceSans3-Italic.ttf */,
				7C273F912C07A5B6001557A0 /* SourceSans3-Light.ttf */,
				7C273F932C07A5B6001557A0 /* SourceSans3-LightItalic.ttf */,
				7C273F8B2C07A5B6001557A0 /* SourceSans3-Medium.ttf */,
				7C273F842C07A5B6001557A0 /* SourceSans3-MediumItalic.ttf */,
				7C273F812C07A5B6001557A0 /* SourceSans3-Regular.ttf */,
				7C273F852C07A5B6001557A0 /* SourceSans3-SemiBold.ttf */,
				7C273F982C07A5B7001557A0 /* SourceSans3-SemiBoldItalic.ttf */,
				7C273F8A2C07A5B6001557A0 /* SourceSans3-VariableFont_wght.ttf */,
			);
			path = fonts;
			sourceTree = "<group>";
		};
		7C273FC12C07AADB001557A0 /* localizable */ = {
			isa = PBXGroup;
			children = (
				7C273FBF2C07A93E001557A0 /* AppStrings.swift */,
				7C273F7A2C07A500001557A0 /* Localizable.strings */,
			);
			path = localizable;
			sourceTree = "<group>";
		};
		7C273FC62C07ACA0001557A0 /* functions */ = {
			isa = PBXGroup;
			children = (
				7C273FC82C07ACBA001557A0 /* CommonFunctions.swift */,
			);
			path = functions;
			sourceTree = "<group>";
		};
		7C273FC72C07ACA9001557A0 /* components */ = {
			isa = PBXGroup;
			children = (
			);
			path = components;
			sourceTree = "<group>";
		};
		7C8E24E42C03E16000420913 = {
			isa = PBXGroup;
			children = (
				7C8E24EF2C03E16000420913 /* AlzhApp */,
				7C8E24EE2C03E16000420913 /* Products */,
			);
			sourceTree = "<group>";
		};
		7C8E24EE2C03E16000420913 /* Products */ = {
			isa = PBXGroup;
			children = (
				7C8E24ED2C03E16000420913 /* AlzhApp.app */,
			);
			name = Products;
			sourceTree = "<group>";
		};
		7C8E24EF2C03E16000420913 /* AlzhApp */ = {
			isa = PBXGroup;
			children = (
				7C273F7E2C07A52A001557A0 /* resources */,
				7C273FBE2C07A825001557A0 /* Info.plist */,
				7C8E24FF2C03E25E00420913 /* views */,
				7C8E24FE2C03E25800420913 /* common */,
				7C8E24F02C03E16000420913 /* AlzhAppApp.swift */,
				7C8E24F22C03E16000420913 /* ContentView.swift */,
				7C8E24F42C03E16200420913 /* Assets.xcassets */,
				7C8E24F62C03E16200420913 /* Preview Content */,
			);
			path = AlzhApp;
			sourceTree = "<group>";
		};
		7C8E24F62C03E16200420913 /* Preview Content */ = {
			isa = PBXGroup;
			children = (
				7C8E24F72C03E16200420913 /* Preview Assets.xcassets */,
			);
			path = "Preview Content";
			sourceTree = "<group>";
		};
		7C8E24FE2C03E25800420913 /* common */ = {
			isa = PBXGroup;
			children = (
				7C273FC72C07ACA9001557A0 /* components */,
				7C273FC62C07ACA0001557A0 /* functions */,
			);
			path = common;
			sourceTree = "<group>";
		};
		7C8E24FF2C03E25E00420913 /* views */ = {
			isa = PBXGroup;
			children = (
			);
			path = views;
			sourceTree = "<group>";
		};
/* End PBXGroup section */

/* Begin PBXNativeTarget section */
		7C8E24EC2C03E16000420913 /* AlzhApp */ = {
			isa = PBXNativeTarget;
			buildConfigurationList = 7C8E24FB2C03E16200420913 /* Build configuration list for PBXNativeTarget "AlzhApp" */;
			buildPhases = (
				7C8E24E92C03E16000420913 /* Sources */,
				7C8E24EA2C03E16000420913 /* Frameworks */,
				7C8E24EB2C03E16000420913 /* Resources */,
			);
			buildRules = (
			);
			dependencies = (
			);
			name = AlzhApp;
			productName = AlzhApp;
			productReference = 7C8E24ED2C03E16000420913 /* AlzhApp.app */;
			productType = "com.apple.product-type.application";
		};
/* End PBXNativeTarget section */

/* Begin PBXProject section */
		7C8E24E52C03E16000420913 /* Project object */ = {
			isa = PBXProject;
			attributes = {
				BuildIndependentTargetsInParallel = 1;
				LastSwiftUpdateCheck = 1530;
				LastUpgradeCheck = 1530;
				TargetAttributes = {
					7C8E24EC2C03E16000420913 = {
						CreatedOnToolsVersion = 15.3;
					};
				};
			};
			buildConfigurationList = 7C8E24E82C03E16000420913 /* Build configuration list for PBXProject "AlzhApp" */;
			compatibilityVersion = "Xcode 14.0";
			developmentRegion = en;
			hasScannedForEncodings = 0;
			knownRegions = (
				en,
				Base,
				es,
			);
			mainGroup = 7C8E24E42C03E16000420913;
			productRefGroup = 7C8E24EE2C03E16000420913 /* Products */;
			projectDirPath = "";
			projectRoot = "";
			targets = (
				7C8E24EC2C03E16000420913 /* AlzhApp */,
			);
		};
/* End PBXProject section */

/* Begin PBXResourcesBuildPhase section */
		7C8E24EB2C03E16000420913 /* Resources */ = {
			isa = PBXResourcesBuildPhase;
			buildActionMask = 2147483647;
			files = (
				7C273F9E2C07A5B7001557A0 /* SourceSans3-ExtraBoldItalic.ttf in Resources */,
				7C273FA32C07A5B7001557A0 /* SourceSans3-SemiBold.ttf in Resources */,
				7C273FB12C07A5B7001557A0 /* SourceSans3-LightItalic.ttf in Resources */,
				7C8E24F82C03E16200420913 /* Preview Assets.xcassets in Resources */,
				7C273FBB2C07A5B7001557A0 /* OpenSans-VariableFont_wdth,wght.ttf in Resources */,
				7C273FB22C07A5B7001557A0 /* OpenSans-SemiBold.ttf in Resources */,
				7C273FAA2C07A5B7001557A0 /* SourceSans3-BoldItalic.ttf in Resources */,
				7C273FAB2C07A5B7001557A0 /* OpenSans-Light.ttf in Resources */,
				7C273FA82C07A5B7001557A0 /* SourceSans3-VariableFont_wght.ttf in Resources */,
				7C273FB92C07A5B7001557A0 /* SourceSans3-BlackItalic.ttf in Resources */,
				7C273FA72C07A5B7001557A0 /* SourceSans3-ExtraLightItalic.ttf in Resources */,
				7C273FA02C07A5B7001557A0 /* OpenSans-Bold.ttf in Resources */,
				7C273FB52C07A5B7001557A0 /* OpenSans-MediumItalic.ttf in Resources */,
				7C273FAC2C07A5B7001557A0 /* SourceSans3-ExtraBold.ttf in Resources */,
				7C273FA42C07A5B7001557A0 /* OpenSans-SemiBoldItalic.ttf in Resources */,
				7C273FAD2C07A5B7001557A0 /* OpenSans-ExtraBold.ttf in Resources */,
				7C273FB82C07A5B7001557A0 /* SourceSans3-ExtraLight.ttf in Resources */,
				7C273FA12C07A5B7001557A0 /* OpenSans-Regular.ttf in Resources */,
				7C273F7C2C07A500001557A0 /* Localizable.strings in Resources */,
				7C273FA22C07A5B7001557A0 /* SourceSans3-MediumItalic.ttf in Resources */,
				7C273FAE2C07A5B7001557A0 /* OpenSans-BoldItalic.ttf in Resources */,
				7C273FA92C07A5B7001557A0 /* SourceSans3-Medium.ttf in Resources */,
				7C273FA62C07A5B7001557A0 /* SourceSans3-Black.ttf in Resources */,
				7C273FA52C07A5B7001557A0 /* OpenSans-Medium.ttf in Resources */,
				7C273FB62C07A5B7001557A0 /* SourceSans3-SemiBoldItalic.ttf in Resources */,
				7C273FB02C07A5B7001557A0 /* SourceSans3-Italic.ttf in Resources */,
				7C273FBA2C07A5B7001557A0 /* OpenSans-Italic.ttf in Resources */,
				7C273FAF2C07A5B7001557A0 /* SourceSans3-Light.ttf in Resources */,
				7C273F9F2C07A5B7001557A0 /* SourceSans3-Regular.ttf in Resources */,
				7C8E24F52C03E16200420913 /* Assets.xcassets in Resources */,
				7C273FB72C07A5B7001557A0 /* OpenSans-ExtraBoldItalic.ttf in Resources */,
				7C273FB42C07A5B7001557A0 /* OpenSans-LightItalic.ttf in Resources */,
				7C273FB32C07A5B7001557A0 /* SourceSans3-Bold.ttf in Resources */,
			);
			runOnlyForDeploymentPostprocessing = 0;
		};
/* End PBXResourcesBuildPhase section */

/* Begin PBXSourcesBuildPhase section */
		7C8E24E92C03E16000420913 /* Sources */ = {
			isa = PBXSourcesBuildPhase;
			buildActionMask = 2147483647;
			files = (
				7C273FBD2C07A808001557A0 /* AppFonts.swift in Sources */,
				7C8E24F32C03E16000420913 /* ContentView.swift in Sources */,
				7C273FC92C07ACBA001557A0 /* CommonFunctions.swift in Sources */,
				7C273FC32C07AB1D001557A0 /* AppIcons.swift in Sources */,
				7C273FC52C07AC58001557A0 /* AppColors.swift in Sources */,
				7C273FC02C07A93E001557A0 /* AppStrings.swift in Sources */,
				7C8E24F12C03E16000420913 /* AlzhAppApp.swift in Sources */,
			);
			runOnlyForDeploymentPostprocessing = 0;
		};
/* End PBXSourcesBuildPhase section */

/* Begin PBXVariantGroup section */
		7C273F7A2C07A500001557A0 /* Localizable.strings */ = {
			isa = PBXVariantGroup;
			children = (
				7C273F7B2C07A500001557A0 /* en */,
				7C273F7D2C07A510001557A0 /* es */,
			);
			name = Localizable.strings;
			sourceTree = "<group>";
		};
/* End PBXVariantGroup section */

/* Begin XCBuildConfiguration section */
		7C8E24F92C03E16200420913 /* Debug */ = {
			isa = XCBuildConfiguration;
			buildSettings = {
				ALWAYS_SEARCH_USER_PATHS = NO;
				ASSETCATALOG_COMPILER_GENERATE_SWIFT_ASSET_SYMBOL_EXTENSIONS = YES;
				CLANG_ANALYZER_LOCALIZABILITY_NONLOCALIZED = YES;
				CLANG_ANALYZER_NONNULL = YES;
				CLANG_ANALYZER_NUMBER_OBJECT_CONVERSION = YES_AGGRESSIVE;
				CLANG_CXX_LANGUAGE_STANDARD = "gnu++20";
				CLANG_ENABLE_MODULES = YES;
				CLANG_ENABLE_OBJC_ARC = YES;
				CLANG_ENABLE_OBJC_WEAK = YES;
				CLANG_WARN_BLOCK_CAPTURE_AUTORELEASING = YES;
				CLANG_WARN_BOOL_CONVERSION = YES;
				CLANG_WARN_COMMA = YES;
				CLANG_WARN_CONSTANT_CONVERSION = YES;
				CLANG_WARN_DEPRECATED_OBJC_IMPLEMENTATIONS = YES;
				CLANG_WARN_DIRECT_OBJC_ISA_USAGE = YES_ERROR;
				CLANG_WARN_DOCUMENTATION_COMMENTS = YES;
				CLANG_WARN_EMPTY_BODY = YES;
				CLANG_WARN_ENUM_CONVERSION = YES;
				CLANG_WARN_INFINITE_RECURSION = YES;
				CLANG_WARN_INT_CONVERSION = YES;
				CLANG_WARN_NON_LITERAL_NULL_CONVERSION = YES;
				CLANG_WARN_OBJC_IMPLICIT_RETAIN_SELF = YES;
				CLANG_WARN_OBJC_LITERAL_CONVERSION = YES;
				CLANG_WARN_OBJC_ROOT_CLASS = YES_ERROR;
				CLANG_WARN_QUOTED_INCLUDE_IN_FRAMEWORK_HEADER = YES;
				CLANG_WARN_RANGE_LOOP_ANALYSIS = YES;
				CLANG_WARN_STRICT_PROTOTYPES = YES;
				CLANG_WARN_SUSPICIOUS_MOVE = YES;
				CLANG_WARN_UNGUARDED_AVAILABILITY = YES_AGGRESSIVE;
				CLANG_WARN_UNREACHABLE_CODE = YES;
				CLANG_WARN__DUPLICATE_METHOD_MATCH = YES;
				COPY_PHASE_STRIP = NO;
				DEBUG_INFORMATION_FORMAT = dwarf;
				ENABLE_STRICT_OBJC_MSGSEND = YES;
				ENABLE_TESTABILITY = YES;
				ENABLE_USER_SCRIPT_SANDBOXING = YES;
				GCC_C_LANGUAGE_STANDARD = gnu17;
				GCC_DYNAMIC_NO_PIC = NO;
				GCC_NO_COMMON_BLOCKS = YES;
				GCC_OPTIMIZATION_LEVEL = 0;
				GCC_PREPROCESSOR_DEFINITIONS = (
					"DEBUG=1",
					"$(inherited)",
				);
				GCC_WARN_64_TO_32_BIT_CONVERSION = YES;
				GCC_WARN_ABOUT_RETURN_TYPE = YES_ERROR;
				GCC_WARN_UNDECLARED_SELECTOR = YES;
				GCC_WARN_UNINITIALIZED_AUTOS = YES_AGGRESSIVE;
				GCC_WARN_UNUSED_FUNCTION = YES;
				GCC_WARN_UNUSED_VARIABLE = YES;
				IPHONEOS_DEPLOYMENT_TARGET = 17.4;
				LOCALIZATION_PREFERS_STRING_CATALOGS = YES;
				MTL_ENABLE_DEBUG_INFO = INCLUDE_SOURCE;
				MTL_FAST_MATH = YES;
				ONLY_ACTIVE_ARCH = YES;
				SDKROOT = iphoneos;
				SWIFT_ACTIVE_COMPILATION_CONDITIONS = "DEBUG $(inherited)";
				SWIFT_OPTIMIZATION_LEVEL = "-Onone";
			};
			name = Debug;
		};
		7C8E24FA2C03E16200420913 /* Release */ = {
			isa = XCBuildConfiguration;
			buildSettings = {
				ALWAYS_SEARCH_USER_PATHS = NO;
				ASSETCATALOG_COMPILER_GENERATE_SWIFT_ASSET_SYMBOL_EXTENSIONS = YES;
				CLANG_ANALYZER_LOCALIZABILITY_NONLOCALIZED = YES;
				CLANG_ANALYZER_NONNULL = YES;
				CLANG_ANALYZER_NUMBER_OBJECT_CONVERSION = YES_AGGRESSIVE;
				CLANG_CXX_LANGUAGE_STANDARD = "gnu++20";
				CLANG_ENABLE_MODULES = YES;
				CLANG_ENABLE_OBJC_ARC = YES;
				CLANG_ENABLE_OBJC_WEAK = YES;
				CLANG_WARN_BLOCK_CAPTURE_AUTORELEASING = YES;
				CLANG_WARN_BOOL_CONVERSION = YES;
				CLANG_WARN_COMMA = YES;
				CLANG_WARN_CONSTANT_CONVERSION = YES;
				CLANG_WARN_DEPRECATED_OBJC_IMPLEMENTATIONS = YES;
				CLANG_WARN_DIRECT_OBJC_ISA_USAGE = YES_ERROR;
				CLANG_WARN_DOCUMENTATION_COMMENTS = YES;
				CLANG_WARN_EMPTY_BODY = YES;
				CLANG_WARN_ENUM_CONVERSION = YES;
				CLANG_WARN_INFINITE_RECURSION = YES;
				CLANG_WARN_INT_CONVERSION = YES;
				CLANG_WARN_NON_LITERAL_NULL_CONVERSION = YES;
				CLANG_WARN_OBJC_IMPLICIT_RETAIN_SELF = YES;
				CLANG_WARN_OBJC_LITERAL_CONVERSION = YES;
				CLANG_WARN_OBJC_ROOT_CLASS = YES_ERROR;
				CLANG_WARN_QUOTED_INCLUDE_IN_FRAMEWORK_HEADER = YES;
				CLANG_WARN_RANGE_LOOP_ANALYSIS = YES;
				CLANG_WARN_STRICT_PROTOTYPES = YES;
				CLANG_WARN_SUSPICIOUS_MOVE = YES;
				CLANG_WARN_UNGUARDED_AVAILABILITY = YES_AGGRESSIVE;
				CLANG_WARN_UNREACHABLE_CODE = YES;
				CLANG_WARN__DUPLICATE_METHOD_MATCH = YES;
				COPY_PHASE_STRIP = NO;
				DEBUG_INFORMATION_FORMAT = "dwarf-with-dsym";
				ENABLE_NS_ASSERTIONS = NO;
				ENABLE_STRICT_OBJC_MSGSEND = YES;
				ENABLE_USER_SCRIPT_SANDBOXING = YES;
				GCC_C_LANGUAGE_STANDARD = gnu17;
				GCC_NO_COMMON_BLOCKS = YES;
				GCC_WARN_64_TO_32_BIT_CONVERSION = YES;
				GCC_WARN_ABOUT_RETURN_TYPE = YES_ERROR;
				GCC_WARN_UNDECLARED_SELECTOR = YES;
				GCC_WARN_UNINITIALIZED_AUTOS = YES_AGGRESSIVE;
				GCC_WARN_UNUSED_FUNCTION = YES;
				GCC_WARN_UNUSED_VARIABLE = YES;
				IPHONEOS_DEPLOYMENT_TARGET = 17.4;
				LOCALIZATION_PREFERS_STRING_CATALOGS = YES;
				MTL_ENABLE_DEBUG_INFO = NO;
				MTL_FAST_MATH = YES;
				SDKROOT = iphoneos;
				SWIFT_COMPILATION_MODE = wholemodule;
				VALIDATE_PRODUCT = YES;
			};
			name = Release;
		};
		7C8E24FC2C03E16200420913 /* Debug */ = {
			isa = XCBuildConfiguration;
			buildSettings = {
				ASSETCATALOG_COMPILER_APPICON_NAME = AppIcon;
				ASSETCATALOG_COMPILER_GLOBAL_ACCENT_COLOR_NAME = AccentColor;
				CODE_SIGN_STYLE = Automatic;
				CURRENT_PROJECT_VERSION = 1;
				DEVELOPMENT_ASSET_PATHS = "\"AlzhApp/Preview Content\"";
				ENABLE_PREVIEWS = YES;
				GENERATE_INFOPLIST_FILE = YES;
				INFOPLIST_FILE = AlzhApp/Info.plist;
				INFOPLIST_KEY_UIApplicationSceneManifest_Generation = YES;
				INFOPLIST_KEY_UIApplicationSupportsIndirectInputEvents = YES;
				INFOPLIST_KEY_UILaunchScreen_Generation = YES;
				INFOPLIST_KEY_UISupportedInterfaceOrientations_iPad = "UIInterfaceOrientationPortrait UIInterfaceOrientationPortraitUpsideDown UIInterfaceOrientationLandscapeLeft UIInterfaceOrientationLandscapeRight";
				INFOPLIST_KEY_UISupportedInterfaceOrientations_iPhone = "UIInterfaceOrientationPortrait UIInterfaceOrientationLandscapeLeft UIInterfaceOrientationLandscapeRight";
				LD_RUNPATH_SEARCH_PATHS = (
					"$(inherited)",
					"@executable_path/Frameworks",
				);
				MARKETING_VERSION = 1.0;
				PRODUCT_BUNDLE_IDENTIFIER = lorenacruz.AlzhApp;
				PRODUCT_NAME = "$(TARGET_NAME)";
				SWIFT_EMIT_LOC_STRINGS = YES;
				SWIFT_VERSION = 5.0;
				TARGETED_DEVICE_FAMILY = "1,2";
			};
			name = Debug;
		};
		7C8E24FD2C03E16200420913 /* Release */ = {
			isa = XCBuildConfiguration;
			buildSettings = {
				ASSETCATALOG_COMPILER_APPICON_NAME = AppIcon;
				ASSETCATALOG_COMPILER_GLOBAL_ACCENT_COLOR_NAME = AccentColor;
				CODE_SIGN_STYLE = Automatic;
				CURRENT_PROJECT_VERSION = 1;
				DEVELOPMENT_ASSET_PATHS = "\"AlzhApp/Preview Content\"";
				ENABLE_PREVIEWS = YES;
				GENERATE_INFOPLIST_FILE = YES;
				INFOPLIST_FILE = AlzhApp/Info.plist;
				INFOPLIST_KEY_UIApplicationSceneManifest_Generation = YES;
				INFOPLIST_KEY_UIApplicationSupportsIndirectInputEvents = YES;
				INFOPLIST_KEY_UILaunchScreen_Generation = YES;
				INFOPLIST_KEY_UISupportedInterfaceOrientations_iPad = "UIInterfaceOrientationPortrait UIInterfaceOrientationPortraitUpsideDown UIInterfaceOrientationLandscapeLeft UIInterfaceOrientationLandscapeRight";
				INFOPLIST_KEY_UISupportedInterfaceOrientations_iPhone = "UIInterfaceOrientationPortrait UIInterfaceOrientationLandscapeLeft UIInterfaceOrientationLandscapeRight";
				LD_RUNPATH_SEARCH_PATHS = (
					"$(inherited)",
					"@executable_path/Frameworks",
				);
				MARKETING_VERSION = 1.0;
				PRODUCT_BUNDLE_IDENTIFIER = lorenacruz.AlzhApp;
				PRODUCT_NAME = "$(TARGET_NAME)";
				SWIFT_EMIT_LOC_STRINGS = YES;
				SWIFT_VERSION = 5.0;
				TARGETED_DEVICE_FAMILY = "1,2";
			};
			name = Release;
		};
/* End XCBuildConfiguration section */

/* Begin XCConfigurationList section */
		7C8E24E82C03E16000420913 /* Build configuration list for PBXProject "AlzhApp" */ = {
			isa = XCConfigurationList;
			buildConfigurations = (
				7C8E24F92C03E16200420913 /* Debug */,
				7C8E24FA2C03E16200420913 /* Release */,
			);
			defaultConfigurationIsVisible = 0;
			defaultConfigurationName = Release;
		};
		7C8E24FB2C03E16200420913 /* Build configuration list for PBXNativeTarget "AlzhApp" */ = {
			isa = XCConfigurationList;
			buildConfigurations = (
				7C8E24FC2C03E16200420913 /* Debug */,
				7C8E24FD2C03E16200420913 /* Release */,
			);
			defaultConfigurationIsVisible = 0;
			defaultConfigurationName = Release;
		};
/* End XCConfigurationList section */
	};
	rootObject = 7C8E24E52C03E16000420913 /* Project object */;
}
